
Microsoft Visual Studio Solution File, Format Version 12.00
# Visual Studio Version 16
VisualStudioVersion = 16.0.31624.102
MinimumVisualStudioVersion = 10.0.40219.1
Project("{FAE04EC0-301F-11D3-BF4B-00C04F79EFBC}") = "ITMO21.ADO.NET.DBConnection", "ITMO21.ADO.NET\ITMO21.ADO.NET.DBConnection.csproj", "{357F7592-F10A-486A-BF53-53EC7EBF22DE}"
EndProject
Global
	GlobalSection(SolutionConfigurationPlatforms) = preSolution
		Debug|Any CPU = Debug|Any CPU
		Release|Any CPU = Release|Any CPU
	EndGlobalSection
	GlobalSection(ProjectConfigurationPlatforms) = postSolution
		{357F7592-F10A-486A-BF53-53EC7EBF22DE}.Debug|Any CPU.ActiveCfg = Debug|Any CPU
		{357F7592-F10A-486A-BF53-53EC7EBF22DE}.Debug|Any CPU.Build.0 = Debug|Any CPU
		{357F7592-F10A-486A-BF53-53EC7EBF22DE}.Release|Any CPU.ActiveCfg = Release|Any CPU
		{357F7592-F10A-486A-BF53-53EC7EBF22DE}.Release|Any CPU.Build.0 = Release|Any CPU
	EndGlobalSection
	GlobalSection(SolutionProperties) = preSolution
		HideSolutionNode = FALSE
	EndGlobalSection
	GlobalSection(ExtensibilityGlobals) = postSolution
		SolutionGuid = {86124A26-1751-4331-B35D-5646C0077689}
	EndGlobalSection
EndGlobal
